
Microsoft Visual Studio Solution File, Format Version 12.00
# Visual Studio 15
VisualStudioVersion = 15.0.28010.2041
MinimumVisualStudioVersion = 10.0.40219.1
Project("{FAE04EC0-301F-11D3-BF4B-00C04F79EFBC}") = "KpaTakeHome", "KpaTakeHome\KpaTakeHome.csproj", "{AB45B7E0-2A92-45D5-8812-90EF4F87A929}"
EndProject
Global
	GlobalSection(SolutionConfigurationPlatforms) = preSolution
		Debug|Any CPU = Debug|Any CPU
		Release|Any CPU = Release|Any CPU
	EndGlobalSection
	GlobalSection(ProjectConfigurationPlatforms) = postSolution
		{AB45B7E0-2A92-45D5-8812-90EF4F87A929}.Debug|Any CPU.ActiveCfg = Debug|Any CPU
		{AB45B7E0-2A92-45D5-8812-90EF4F87A929}.Debug|Any CPU.Build.0 = Debug|Any CPU
		{AB45B7E0-2A92-45D5-8812-90EF4F87A929}.Release|Any CPU.ActiveCfg = Release|Any CPU
		{AB45B7E0-2A92-45D5-8812-90EF4F87A929}.Release|Any CPU.Build.0 = Release|Any CPU
	EndGlobalSection
	GlobalSection(SolutionProperties) = preSolution
		HideSolutionNode = FALSE
	EndGlobalSection
	GlobalSection(ExtensibilityGlobals) = postSolution
		SolutionGuid = {5595BCB9-F8DC-4054-B339-E02D95EABD61}
	EndGlobalSection
EndGlobal
